// !$*UTF8*$!
{
	archiveVersion = 1;
	classes = {
	};
	objectVersion = 46;
	objects = {

/* Begin PBXBuildFile section */
		F50FE6A01410C6F60051FC7E /* UIKit.framework in Frameworks */ = {isa = PBXBuildFile; fileRef = F50FE69F1410C6F60051FC7E /* UIKit.framework */; };
		F50FE6A21410C6F60051FC7E /* Foundation.framework in Frameworks */ = {isa = PBXBuildFile; fileRef = F50FE6A11410C6F60051FC7E /* Foundation.framework */; };
		F50FE6A41410C6F60051FC7E /* CoreGraphics.framework in Frameworks */ = {isa = PBXBuildFile; fileRef = F50FE6A31410C6F60051FC7E /* CoreGraphics.framework */; };
		F50FE6AA1410C6F60051FC7E /* InfoPlist.strings in Resources */ = {isa = PBXBuildFile; fileRef = F50FE6A81410C6F60051FC7E /* InfoPlist.strings */; };
		F50FE6AC1410C6F60051FC7E /* main.m in Sources */ = {isa = PBXBuildFile; fileRef = F50FE6AB1410C6F60051FC7E /* main.m */; };
		F50FE7351410D3160051FC7E /* Security.framework in Frameworks */ = {isa = PBXBuildFile; fileRef = F50FE7331410D30D0051FC7E /* Security.framework */; };
		F5450ACD16DE05BD00D9D01C /* Default~ipad.png in Resources */ = {isa = PBXBuildFile; fileRef = F5450ACB16DE05BD00D9D01C /* Default~ipad.png */; };
		F5450ACE16DE05BD00D9D01C /* Default~iphone.png in Resources */ = {isa = PBXBuildFile; fileRef = F5450ACC16DE05BD00D9D01C /* Default~iphone.png */; };
		F5450AD016DE06A300D9D01C /* Default~iphone-568h@2x.png in Resources */ = {isa = PBXBuildFile; fileRef = F5450ACF16DE06A300D9D01C /* Default~iphone-568h@2x.png */; };
		F5450AD316DE06FD00D9D01C /* Default~ipad@2x.png in Resources */ = {isa = PBXBuildFile; fileRef = F5450AD116DE06FD00D9D01C /* Default~ipad@2x.png */; };
		F5450AD416DE06FD00D9D01C /* Default~iphone@2x.png in Resources */ = {isa = PBXBuildFile; fileRef = F5450AD216DE06FD00D9D01C /* Default~iphone@2x.png */; };
		F54E3A991450EAD40059BF53 /* CFNetwork.framework in Frameworks */ = {isa = PBXBuildFile; fileRef = F54E3A981450EAD40059BF53 /* CFNetwork.framework */; };
		F54E3A9B1450EAE10059BF53 /* SystemConfiguration.framework in Frameworks */ = {isa = PBXBuildFile; fileRef = F54E3A9A1450EAE10059BF53 /* SystemConfiguration.framework */; };
		F54E3A9D1450EAEA0059BF53 /* MobileCoreServices.framework in Frameworks */ = {isa = PBXBuildFile; fileRef = F54E3A9C1450EAEA0059BF53 /* MobileCoreServices.framework */; };
		F54E3A9F1450EB000059BF53 /* libz.dylib in Frameworks */ = {isa = PBXBuildFile; fileRef = F54E3A9E1450EB000059BF53 /* libz.dylib */; };
		F54E3AA11450EB080059BF53 /* libxml2.dylib in Frameworks */ = {isa = PBXBuildFile; fileRef = F54E3AA01450EB080059BF53 /* libxml2.dylib */; };
		F552F41415DBC0680075258F /* Icon-72.png in Resources */ = {isa = PBXBuildFile; fileRef = F552F40E15DBC0680075258F /* Icon-72.png */; };
		F552F41615DBC0680075258F /* Icon-Small-50.png in Resources */ = {isa = PBXBuildFile; fileRef = F552F40F15DBC0680075258F /* Icon-Small-50.png */; };
		F552F41815DBC0680075258F /* Icon-Small.png in Resources */ = {isa = PBXBuildFile; fileRef = F552F41015DBC0680075258F /* Icon-Small.png */; };
		F552F41A15DBC0680075258F /* Icon.png in Resources */ = {isa = PBXBuildFile; fileRef = F552F41115DBC0680075258F /* Icon.png */; };
		F552F41C15DBC0680075258F /* Icon@2x.png in Resources */ = {isa = PBXBuildFile; fileRef = F552F41215DBC0680075258F /* Icon@2x.png */; };
		F552F41E15DBC0680075258F /* iTunesArtwork in Resources */ = {isa = PBXBuildFile; fileRef = F552F41315DBC0680075258F /* iTunesArtwork */; };
		F5724972149F9C00006C62A2 /* QuartzCore.framework in Frameworks */ = {isa = PBXBuildFile; fileRef = F5724971149F9C00006C62A2 /* QuartzCore.framework */; };
		F58013AD149E080E00692073 /* CoreLocation.framework in Frameworks */ = {isa = PBXBuildFile; fileRef = F58013AC149E080E00692073 /* CoreLocation.framework */; };
		F5903F8F151B64A900995AF1 /* CoreData.framework in Frameworks */ = {isa = PBXBuildFile; fileRef = F5903F8E151B64A900995AF1 /* CoreData.framework */; };
		F5F63ED31574F99000FE3B72 /* NSDate+UnitTests.m in Sources */ = {isa = PBXBuildFile; fileRef = F5F63ECB1574F99000FE3B72 /* NSDate+UnitTests.m */; };
		F5F63ED41574F99000FE3B72 /* NSNotificationCenter+UnitTests.m in Sources */ = {isa = PBXBuildFile; fileRef = F5F63ECD1574F99000FE3B72 /* NSNotificationCenter+UnitTests.m */; };
		F5F63ED51574F99000FE3B72 /* NSObject+SupersequentImplementation.m in Sources */ = {isa = PBXBuildFile; fileRef = F5F63ECF1574F99000FE3B72 /* NSObject+SupersequentImplementation.m */; };
		F5F63ED61574F99000FE3B72 /* UIImage+UnitTests.m in Sources */ = {isa = PBXBuildFile; fileRef = F5F63ED21574F99000FE3B72 /* UIImage+UnitTests.m */; };
		F5FFC5A2175E2A900015696C /* DDAbstractDatabaseLogger.m in Sources */ = {isa = PBXBuildFile; fileRef = F5FFC593175E2A900015696C /* DDAbstractDatabaseLogger.m */; };
		F5FFC5A4175E2A900015696C /* DDASLLogger.m in Sources */ = {isa = PBXBuildFile; fileRef = F5FFC595175E2A900015696C /* DDASLLogger.m */; };
		F5FFC5A6175E2A900015696C /* DDFileLogger.m in Sources */ = {isa = PBXBuildFile; fileRef = F5FFC597175E2A900015696C /* DDFileLogger.m */; };
		F5FFC5A8175E2A900015696C /* DDLog.m in Sources */ = {isa = PBXBuildFile; fileRef = F5FFC599175E2A900015696C /* DDLog.m */; };
		F5FFC5AA175E2A900015696C /* DDTTYLogger.m in Sources */ = {isa = PBXBuildFile; fileRef = F5FFC59B175E2A900015696C /* DDTTYLogger.m */; };
		F5FFC5AC175E2A900015696C /* ContextFilterLogFormatter.m in Sources */ = {isa = PBXBuildFile; fileRef = F5FFC59E175E2A900015696C /* ContextFilterLogFormatter.m */; };
		F5FFC5AE175E2A900015696C /* DispatchQueueLogFormatter.m in Sources */ = {isa = PBXBuildFile; fileRef = F5FFC5A0175E2A900015696C /* DispatchQueueLogFormatter.m */; };
		F5FFC5B0175E2A900015696C /* README.txt in Resources */ = {isa = PBXBuildFile; fileRef = F5FFC5A1175E2A900015696C /* README.txt */; };
		F5FFC5BD175E2AB20015696C /* DDFileLogger+CurrentFile.m in Sources */ = {isa = PBXBuildFile; fileRef = F5FFC5B4175E2AB20015696C /* DDFileLogger+CurrentFile.m */; };
		F5FFC5BF175E2AB20015696C /* LjsDefaultFormatter.m in Sources */ = {isa = PBXBuildFile; fileRef = F5FFC5B6175E2AB20015696C /* LjsDefaultFormatter.m */; };
		F5FFC5C1175E2AB20015696C /* LjsLogFileManager.m in Sources */ = {isa = PBXBuildFile; fileRef = F5FFC5B9175E2AB20015696C /* LjsLogFileManager.m */; };
		F5FFC5C3175E2AB20015696C /* LjsLogging.m in Sources */ = {isa = PBXBuildFile; fileRef = F5FFC5BB175E2AB20015696C /* LjsLogging.m */; };
		F5FFC5C9175E2AD50015696C /* LjsBlocksTest.m in Sources */ = {isa = PBXBuildFile; fileRef = F5FFC5C6175E2AD50015696C /* LjsBlocksTest.m */; };
		F5FFC5CB175E2AD50015696C /* LjsFileUtiltiesTests.m in Sources */ = {isa = PBXBuildFile; fileRef = F5FFC5C7175E2AD50015696C /* LjsFileUtiltiesTests.m */; };
		F5FFC5CD175E2AD50015696C /* LjsGestaltTests.m in Sources */ = {isa = PBXBuildFile; fileRef = F5FFC5C8175E2AD50015696C /* LjsGestaltTests.m */; };
		F5FFC5D7175E2B450015696C /* libOCMock.a in Frameworks */ = {isa = PBXBuildFile; fileRef = F5FFC5CF175E2B450015696C /* libOCMock.a */; };
		F5FFC5E2175E2C300015696C /* LjsBlocks.m in Sources */ = {isa = PBXBuildFile; fileRef = F5FFC5DB175E2C300015696C /* LjsBlocks.m */; };
		F5FFC5E4175E2C300015696C /* LjsFileUtilities.m in Sources */ = {isa = PBXBuildFile; fileRef = F5FFC5DD175E2C300015696C /* LjsFileUtilities.m */; };
		F5FFC5E6175E2C300015696C /* LjsGestalt.m in Sources */ = {isa = PBXBuildFile; fileRef = F5FFC5DF175E2C300015696C /* LjsGestalt.m */; };
		F5FFC5E8175E2C300015696C /* LjsVariates.m in Sources */ = {isa = PBXBuildFile; fileRef = F5FFC5E1175E2C300015696C /* LjsVariates.m */; };
		F5FFC5EE175E2CA70015696C /* LjsTestCase.m in Sources */ = {isa = PBXBuildFile; fileRef = F5FFC5EB175E2CA70015696C /* LjsTestCase.m */; };
		F5FFC5EF175E2CA70015696C /* OCMockSingletonsWorkingTest.m in Sources */ = {isa = PBXBuildFile; fileRef = F5FFC5EC175E2CA70015696C /* OCMockSingletonsWorkingTest.m */; };
		F5FFC5F0175E2CA70015696C /* OCMockWorkingTest.m in Sources */ = {isa = PBXBuildFile; fileRef = F5FFC5ED175E2CA70015696C /* OCMockWorkingTest.m */; };
		F5FFC5F2175E30520015696C /* GHUnitIOS.framework in Frameworks */ = {isa = PBXBuildFile; fileRef = F5FFC5F1175E30520015696C /* GHUnitIOS.framework */; };
		F5FFC5F5175E31210015696C /* readlines-test.txt in Resources */ = {isa = PBXBuildFile; fileRef = F5FFC5F4175E31210015696C /* readlines-test.txt */; };
/* End PBXBuildFile section */

/* Begin PBXFileReference section */
		F50FE69B1410C6F60051FC7E /* Tests-iOS.app */ = {isa = PBXFileReference; explicitFileType = wrapper.application; includeInIndex = 0; path = "Tests-iOS.app"; sourceTree = BUILT_PRODUCTS_DIR; };
		F50FE69F1410C6F60051FC7E /* UIKit.framework */ = {isa = PBXFileReference; lastKnownFileType = wrapper.framework; name = UIKit.framework; path = System/Library/Frameworks/UIKit.framework; sourceTree = SDKROOT; };
		F50FE6A11410C6F60051FC7E /* Foundation.framework */ = {isa = PBXFileReference; lastKnownFileType = wrapper.framework; name = Foundation.framework; path = System/Library/Frameworks/Foundation.framework; sourceTree = SDKROOT; };
		F50FE6A31410C6F60051FC7E /* CoreGraphics.framework */ = {isa = PBXFileReference; lastKnownFileType = wrapper.framework; name = CoreGraphics.framework; path = System/Library/Frameworks/CoreGraphics.framework; sourceTree = SDKROOT; };
		F50FE6A71410C6F60051FC7E /* Tests-iOS-Info.plist */ = {isa = PBXFileReference; lastKnownFileType = text.plist.xml; path = "Tests-iOS-Info.plist"; sourceTree = "<group>"; };
		F50FE6A91410C6F60051FC7E /* en */ = {isa = PBXFileReference; lastKnownFileType = text.plist.strings; name = en; path = en.lproj/InfoPlist.strings; sourceTree = "<group>"; };
		F50FE6AB1410C6F60051FC7E /* main.m */ = {isa = PBXFileReference; lastKnownFileType = sourcecode.c.objc; path = main.m; sourceTree = "<group>"; };
		F50FE6AD1410C6F60051FC7E /* Tests-iOS-Prefix.pch */ = {isa = PBXFileReference; lastKnownFileType = sourcecode.c.h; path = "Tests-iOS-Prefix.pch"; sourceTree = "<group>"; };
		F50FE7331410D30D0051FC7E /* Security.framework */ = {isa = PBXFileReference; lastKnownFileType = wrapper.framework; name = Security.framework; path = System/Library/Frameworks/Security.framework; sourceTree = SDKROOT; };
		F5450ACB16DE05BD00D9D01C /* Default~ipad.png */ = {isa = PBXFileReference; lastKnownFileType = image.png; path = "Default~ipad.png"; sourceTree = SOURCE_ROOT; };
		F5450ACC16DE05BD00D9D01C /* Default~iphone.png */ = {isa = PBXFileReference; lastKnownFileType = image.png; path = "Default~iphone.png"; sourceTree = SOURCE_ROOT; };
		F5450ACF16DE06A300D9D01C /* Default~iphone-568h@2x.png */ = {isa = PBXFileReference; lastKnownFileType = image.png; name = "Default~iphone-568h@2x.png"; path = "../Default~iphone-568h@2x.png"; sourceTree = "<group>"; };
		F5450AD116DE06FD00D9D01C /* Default~ipad@2x.png */ = {isa = PBXFileReference; lastKnownFileType = image.png; path = "Default~ipad@2x.png"; sourceTree = SOURCE_ROOT; };
		F5450AD216DE06FD00D9D01C /* Default~iphone@2x.png */ = {isa = PBXFileReference; lastKnownFileType = image.png; path = "Default~iphone@2x.png"; sourceTree = SOURCE_ROOT; };
		F54E3A981450EAD40059BF53 /* CFNetwork.framework */ = {isa = PBXFileReference; lastKnownFileType = wrapper.framework; name = CFNetwork.framework; path = System/Library/Frameworks/CFNetwork.framework; sourceTree = SDKROOT; };
		F54E3A9A1450EAE10059BF53 /* SystemConfiguration.framework */ = {isa = PBXFileReference; lastKnownFileType = wrapper.framework; name = SystemConfiguration.framework; path = System/Library/Frameworks/SystemConfiguration.framework; sourceTree = SDKROOT; };
		F54E3A9C1450EAEA0059BF53 /* MobileCoreServices.framework */ = {isa = PBXFileReference; lastKnownFileType = wrapper.framework; name = MobileCoreServices.framework; path = System/Library/Frameworks/MobileCoreServices.framework; sourceTree = SDKROOT; };
		F54E3A9E1450EB000059BF53 /* libz.dylib */ = {isa = PBXFileReference; lastKnownFileType = "compiled.mach-o.dylib"; name = libz.dylib; path = usr/lib/libz.dylib; sourceTree = SDKROOT; };
		F54E3AA01450EB080059BF53 /* libxml2.dylib */ = {isa = PBXFileReference; lastKnownFileType = "compiled.mach-o.dylib"; name = libxml2.dylib; path = usr/lib/libxml2.dylib; sourceTree = SDKROOT; };
		F552F40E15DBC0680075258F /* Icon-72.png */ = {isa = PBXFileReference; lastKnownFileType = image.png; path = "Icon-72.png"; sourceTree = SOURCE_ROOT; };
		F552F40F15DBC0680075258F /* Icon-Small-50.png */ = {isa = PBXFileReference; lastKnownFileType = image.png; path = "Icon-Small-50.png"; sourceTree = SOURCE_ROOT; };
		F552F41015DBC0680075258F /* Icon-Small.png */ = {isa = PBXFileReference; lastKnownFileType = image.png; path = "Icon-Small.png"; sourceTree = SOURCE_ROOT; };
		F552F41115DBC0680075258F /* Icon.png */ = {isa = PBXFileReference; lastKnownFileType = image.png; path = Icon.png; sourceTree = SOURCE_ROOT; };
		F552F41215DBC0680075258F /* Icon@2x.png */ = {isa = PBXFileReference; lastKnownFileType = image.png; path = "Icon@2x.png"; sourceTree = SOURCE_ROOT; };
		F552F41315DBC0680075258F /* iTunesArtwork */ = {isa = PBXFileReference; lastKnownFileType = file; path = iTunesArtwork; sourceTree = SOURCE_ROOT; };
		F56147AC1450BFB800D2653A /* GHUnitIOS.framework */ = {isa = PBXFileReference; lastKnownFileType = wrapper.framework; name = GHUnitIOS.framework; path = "../gh-unit/Project-iOS/build/Framework/GHUnitIOS.framework"; sourceTree = "<group>"; };
		F5724971149F9C00006C62A2 /* QuartzCore.framework */ = {isa = PBXFileReference; lastKnownFileType = wrapper.framework; name = QuartzCore.framework; path = System/Library/Frameworks/QuartzCore.framework; sourceTree = SDKROOT; };
		F58013AC149E080E00692073 /* CoreLocation.framework */ = {isa = PBXFileReference; lastKnownFileType = wrapper.framework; name = CoreLocation.framework; path = System/Library/Frameworks/CoreLocation.framework; sourceTree = SDKROOT; };
		F5903F8E151B64A900995AF1 /* CoreData.framework */ = {isa = PBXFileReference; lastKnownFileType = wrapper.framework; name = CoreData.framework; path = System/Library/Frameworks/CoreData.framework; sourceTree = SDKROOT; };
		F5F63E9E1574F58000FE3B72 /* OCMockSingletonExtensions.h */ = {isa = PBXFileReference; fileEncoding = 4; lastKnownFileType = sourcecode.c.h; path = OCMockSingletonExtensions.h; sourceTree = "<group>"; };
		F5F63ECA1574F99000FE3B72 /* NSDate+UnitTests.h */ = {isa = PBXFileReference; fileEncoding = 4; lastKnownFileType = sourcecode.c.h; path = "NSDate+UnitTests.h"; sourceTree = "<group>"; };
		F5F63ECB1574F99000FE3B72 /* NSDate+UnitTests.m */ = {isa = PBXFileReference; fileEncoding = 4; lastKnownFileType = sourcecode.c.objc; path = "NSDate+UnitTests.m"; sourceTree = "<group>"; };
		F5F63ECC1574F99000FE3B72 /* NSNotificationCenter+UnitTests.h */ = {isa = PBXFileReference; fileEncoding = 4; lastKnownFileType = sourcecode.c.h; path = "NSNotificationCenter+UnitTests.h"; sourceTree = "<group>"; };
		F5F63ECD1574F99000FE3B72 /* NSNotificationCenter+UnitTests.m */ = {isa = PBXFileReference; fileEncoding = 4; lastKnownFileType = sourcecode.c.objc; path = "NSNotificationCenter+UnitTests.m"; sourceTree = "<group>"; };
		F5F63ECE1574F99000FE3B72 /* NSObject+SupersequentImplementation.h */ = {isa = PBXFileReference; fileEncoding = 4; lastKnownFileType = sourcecode.c.h; path = "NSObject+SupersequentImplementation.h"; sourceTree = "<group>"; };
		F5F63ECF1574F99000FE3B72 /* NSObject+SupersequentImplementation.m */ = {isa = PBXFileReference; fileEncoding = 4; lastKnownFileType = sourcecode.c.objc; path = "NSObject+SupersequentImplementation.m"; sourceTree = "<group>"; };
		F5F63ED11574F99000FE3B72 /* UIImage+UnitTests.h */ = {isa = PBXFileReference; fileEncoding = 4; lastKnownFileType = sourcecode.c.h; path = "UIImage+UnitTests.h"; sourceTree = "<group>"; };
		F5F63ED21574F99000FE3B72 /* UIImage+UnitTests.m */ = {isa = PBXFileReference; fileEncoding = 4; lastKnownFileType = sourcecode.c.objc; path = "UIImage+UnitTests.m"; sourceTree = "<group>"; };
		F5FFC592175E2A900015696C /* DDAbstractDatabaseLogger.h */ = {isa = PBXFileReference; fileEncoding = 4; lastKnownFileType = sourcecode.c.h; path = DDAbstractDatabaseLogger.h; sourceTree = "<group>"; };
		F5FFC593175E2A900015696C /* DDAbstractDatabaseLogger.m */ = {isa = PBXFileReference; fileEncoding = 4; lastKnownFileType = sourcecode.c.objc; path = DDAbstractDatabaseLogger.m; sourceTree = "<group>"; };
		F5FFC594175E2A900015696C /* DDASLLogger.h */ = {isa = PBXFileReference; fileEncoding = 4; lastKnownFileType = sourcecode.c.h; path = DDASLLogger.h; sourceTree = "<group>"; };
		F5FFC595175E2A900015696C /* DDASLLogger.m */ = {isa = PBXFileReference; fileEncoding = 4; lastKnownFileType = sourcecode.c.objc; path = DDASLLogger.m; sourceTree = "<group>"; };
		F5FFC596175E2A900015696C /* DDFileLogger.h */ = {isa = PBXFileReference; fileEncoding = 4; lastKnownFileType = sourcecode.c.h; path = DDFileLogger.h; sourceTree = "<group>"; };
		F5FFC597175E2A900015696C /* DDFileLogger.m */ = {isa = PBXFileReference; fileEncoding = 4; lastKnownFileType = sourcecode.c.objc; path = DDFileLogger.m; sourceTree = "<group>"; };
		F5FFC598175E2A900015696C /* DDLog.h */ = {isa = PBXFileReference; fileEncoding = 4; lastKnownFileType = sourcecode.c.h; path = DDLog.h; sourceTree = "<group>"; };
		F5FFC599175E2A900015696C /* DDLog.m */ = {isa = PBXFileReference; fileEncoding = 4; lastKnownFileType = sourcecode.c.objc; path = DDLog.m; sourceTree = "<group>"; };
		F5FFC59A175E2A900015696C /* DDTTYLogger.h */ = {isa = PBXFileReference; fileEncoding = 4; lastKnownFileType = sourcecode.c.h; path = DDTTYLogger.h; sourceTree = "<group>"; };
		F5FFC59B175E2A900015696C /* DDTTYLogger.m */ = {isa = PBXFileReference; fileEncoding = 4; lastKnownFileType = sourcecode.c.objc; path = DDTTYLogger.m; sourceTree = "<group>"; };
		F5FFC59D175E2A900015696C /* ContextFilterLogFormatter.h */ = {isa = PBXFileReference; fileEncoding = 4; lastKnownFileType = sourcecode.c.h; path = ContextFilterLogFormatter.h; sourceTree = "<group>"; };
		F5FFC59E175E2A900015696C /* ContextFilterLogFormatter.m */ = {isa = PBXFileReference; fileEncoding = 4; lastKnownFileType = sourcecode.c.objc; path = ContextFilterLogFormatter.m; sourceTree = "<group>"; };
		F5FFC59F175E2A900015696C /* DispatchQueueLogFormatter.h */ = {isa = PBXFileReference; fileEncoding = 4; lastKnownFileType = sourcecode.c.h; path = DispatchQueueLogFormatter.h; sourceTree = "<group>"; };
		F5FFC5A0175E2A900015696C /* DispatchQueueLogFormatter.m */ = {isa = PBXFileReference; fileEncoding = 4; lastKnownFileType = sourcecode.c.objc; path = DispatchQueueLogFormatter.m; sourceTree = "<group>"; };
		F5FFC5A1175E2A900015696C /* README.txt */ = {isa = PBXFileReference; fileEncoding = 4; lastKnownFileType = text; path = README.txt; sourceTree = "<group>"; };
		F5FFC5B3175E2AB20015696C /* DDFileLogger+CurrentFile.h */ = {isa = PBXFileReference; fileEncoding = 4; lastKnownFileType = sourcecode.c.h; path = "DDFileLogger+CurrentFile.h"; sourceTree = "<group>"; };
		F5FFC5B4175E2AB20015696C /* DDFileLogger+CurrentFile.m */ = {isa = PBXFileReference; fileEncoding = 4; lastKnownFileType = sourcecode.c.objc; path = "DDFileLogger+CurrentFile.m"; sourceTree = "<group>"; };
		F5FFC5B5175E2AB20015696C /* LjsDefaultFormatter.h */ = {isa = PBXFileReference; fileEncoding = 4; lastKnownFileType = sourcecode.c.h; path = LjsDefaultFormatter.h; sourceTree = "<group>"; };
		F5FFC5B6175E2AB20015696C /* LjsDefaultFormatter.m */ = {isa = PBXFileReference; fileEncoding = 4; lastKnownFileType = sourcecode.c.objc; path = LjsDefaultFormatter.m; sourceTree = "<group>"; };
		F5FFC5B7175E2AB20015696C /* LjsLog.h */ = {isa = PBXFileReference; fileEncoding = 4; lastKnownFileType = sourcecode.c.h; path = LjsLog.h; sourceTree = "<group>"; };
		F5FFC5B8175E2AB20015696C /* LjsLogFileManager.h */ = {isa = PBXFileReference; fileEncoding = 4; lastKnownFileType = sourcecode.c.h; path = LjsLogFileManager.h; sourceTree = "<group>"; };
		F5FFC5B9175E2AB20015696C /* LjsLogFileManager.m */ = {isa = PBXFileReference; fileEncoding = 4; lastKnownFileType = sourcecode.c.objc; path = LjsLogFileManager.m; sourceTree = "<group>"; };
		F5FFC5BA175E2AB20015696C /* LjsLogging.h */ = {isa = PBXFileReference; fileEncoding = 4; lastKnownFileType = sourcecode.c.h; path = LjsLogging.h; sourceTree = "<group>"; };
		F5FFC5BB175E2AB20015696C /* LjsLogging.m */ = {isa = PBXFileReference; fileEncoding = 4; lastKnownFileType = sourcecode.c.objc; path = LjsLogging.m; sourceTree = "<group>"; };
		F5FFC5BC175E2AB20015696C /* Lumberjack.h */ = {isa = PBXFileReference; fileEncoding = 4; lastKnownFileType = sourcecode.c.h; path = Lumberjack.h; sourceTree = "<group>"; };
		F5FFC5C6175E2AD50015696C /* LjsBlocksTest.m */ = {isa = PBXFileReference; fileEncoding = 4; lastKnownFileType = sourcecode.c.objc; path = LjsBlocksTest.m; sourceTree = "<group>"; };
		F5FFC5C7175E2AD50015696C /* LjsFileUtiltiesTests.m */ = {isa = PBXFileReference; fileEncoding = 4; lastKnownFileType = sourcecode.c.objc; path = LjsFileUtiltiesTests.m; sourceTree = "<group>"; };
		F5FFC5C8175E2AD50015696C /* LjsGestaltTests.m */ = {isa = PBXFileReference; fileEncoding = 4; lastKnownFileType = sourcecode.c.objc; path = LjsGestaltTests.m; sourceTree = "<group>"; };
		F5FFC5CF175E2B450015696C /* libOCMock.a */ = {isa = PBXFileReference; lastKnownFileType = archive.ar; name = libOCMock.a; path = iOS/libOCMock.a; sourceTree = "<group>"; };
		F5FFC5D1175E2B450015696C /* NSNotificationCenter+OCMAdditions.h */ = {isa = PBXFileReference; fileEncoding = 4; lastKnownFileType = sourcecode.c.h; path = "NSNotificationCenter+OCMAdditions.h"; sourceTree = "<group>"; };
		F5FFC5D2175E2B450015696C /* OCMArg.h */ = {isa = PBXFileReference; fileEncoding = 4; lastKnownFileType = sourcecode.c.h; path = OCMArg.h; sourceTree = "<group>"; };
		F5FFC5D3175E2B450015696C /* OCMConstraint.h */ = {isa = PBXFileReference; fileEncoding = 4; lastKnownFileType = sourcecode.c.h; path = OCMConstraint.h; sourceTree = "<group>"; };
		F5FFC5D4175E2B450015696C /* OCMock.h */ = {isa = PBXFileReference; fileEncoding = 4; lastKnownFileType = sourcecode.c.h; path = OCMock.h; sourceTree = "<group>"; };
		F5FFC5D5175E2B450015696C /* OCMockObject.h */ = {isa = PBXFileReference; fileEncoding = 4; lastKnownFileType = sourcecode.c.h; path = OCMockObject.h; sourceTree = "<group>"; };
		F5FFC5D6175E2B450015696C /* OCMockRecorder.h */ = {isa = PBXFileReference; fileEncoding = 4; lastKnownFileType = sourcecode.c.h; path = OCMockRecorder.h; sourceTree = "<group>"; };
		F5FFC5DA175E2C300015696C /* LjsBlocks.h */ = {isa = PBXFileReference; fileEncoding = 4; lastKnownFileType = sourcecode.c.h; path = LjsBlocks.h; sourceTree = "<group>"; };
		F5FFC5DB175E2C300015696C /* LjsBlocks.m */ = {isa = PBXFileReference; fileEncoding = 4; lastKnownFileType = sourcecode.c.objc; path = LjsBlocks.m; sourceTree = "<group>"; };
		F5FFC5DC175E2C300015696C /* LjsFileUtilities.h */ = {isa = PBXFileReference; fileEncoding = 4; lastKnownFileType = sourcecode.c.h; path = LjsFileUtilities.h; sourceTree = "<group>"; };
		F5FFC5DD175E2C300015696C /* LjsFileUtilities.m */ = {isa = PBXFileReference; fileEncoding = 4; lastKnownFileType = sourcecode.c.objc; path = LjsFileUtilities.m; sourceTree = "<group>"; };
		F5FFC5DE175E2C300015696C /* LjsGestalt.h */ = {isa = PBXFileReference; fileEncoding = 4; lastKnownFileType = sourcecode.c.h; path = LjsGestalt.h; sourceTree = "<group>"; };
		F5FFC5DF175E2C300015696C /* LjsGestalt.m */ = {isa = PBXFileReference; fileEncoding = 4; lastKnownFileType = sourcecode.c.objc; path = LjsGestalt.m; sourceTree = "<group>"; };
		F5FFC5E0175E2C300015696C /* LjsVariates.h */ = {isa = PBXFileReference; fileEncoding = 4; lastKnownFileType = sourcecode.c.h; path = LjsVariates.h; sourceTree = "<group>"; };
		F5FFC5E1175E2C300015696C /* LjsVariates.m */ = {isa = PBXFileReference; fileEncoding = 4; lastKnownFileType = sourcecode.c.objc; path = LjsVariates.m; sourceTree = "<group>"; };
		F5FFC5EA175E2CA70015696C /* LjsTestCase.h */ = {isa = PBXFileReference; fileEncoding = 4; lastKnownFileType = sourcecode.c.h; name = LjsTestCase.h; path = ../../ghunit/LjsTestCase.h; sourceTree = "<group>"; };
		F5FFC5EB175E2CA70015696C /* LjsTestCase.m */ = {isa = PBXFileReference; fileEncoding = 4; lastKnownFileType = sourcecode.c.objc; name = LjsTestCase.m; path = ../../ghunit/LjsTestCase.m; sourceTree = "<group>"; };
		F5FFC5EC175E2CA70015696C /* OCMockSingletonsWorkingTest.m */ = {isa = PBXFileReference; fileEncoding = 4; lastKnownFileType = sourcecode.c.objc; name = OCMockSingletonsWorkingTest.m; path = ../../ghunit/OCMockSingletonsWorkingTest.m; sourceTree = "<group>"; };
		F5FFC5ED175E2CA70015696C /* OCMockWorkingTest.m */ = {isa = PBXFileReference; fileEncoding = 4; lastKnownFileType = sourcecode.c.objc; name = OCMockWorkingTest.m; path = ../../ghunit/OCMockWorkingTest.m; sourceTree = "<group>"; };
		F5FFC5F1175E30520015696C /* GHUnitIOS.framework */ = {isa = PBXFileReference; lastKnownFileType = wrapper.framework; name = GHUnitIOS.framework; path = ../../ghunit/iOS/GHUnitIOS.framework; sourceTree = "<group>"; };
		F5FFC5F4175E31210015696C /* readlines-test.txt */ = {isa = PBXFileReference; fileEncoding = 4; lastKnownFileType = text; path = "readlines-test.txt"; sourceTree = "<group>"; };
/* End PBXFileReference section */

/* Begin PBXFrameworksBuildPhase section */
		F50FE6981410C6F60051FC7E /* Frameworks */ = {
			isa = PBXFrameworksBuildPhase;
			buildActionMask = 2147483647;
			files = (
				F5903F8F151B64A900995AF1 /* CoreData.framework in Frameworks */,
				F54E3AA11450EB080059BF53 /* libxml2.dylib in Frameworks */,
				F54E3A9F1450EB000059BF53 /* libz.dylib in Frameworks */,
				F54E3A9D1450EAEA0059BF53 /* MobileCoreServices.framework in Frameworks */,
				F54E3A9B1450EAE10059BF53 /* SystemConfiguration.framework in Frameworks */,
				F54E3A991450EAD40059BF53 /* CFNetwork.framework in Frameworks */,
				F50FE6A21410C6F60051FC7E /* Foundation.framework in Frameworks */,
				F58013AD149E080E00692073 /* CoreLocation.framework in Frameworks */,
				F50FE6A41410C6F60051FC7E /* CoreGraphics.framework in Frameworks */,
				F50FE7351410D3160051FC7E /* Security.framework in Frameworks */,
				F50FE6A01410C6F60051FC7E /* UIKit.framework in Frameworks */,
				F5724972149F9C00006C62A2 /* QuartzCore.framework in Frameworks */,
				F5FFC5D7175E2B450015696C /* libOCMock.a in Frameworks */,
				F5FFC5F2175E30520015696C /* GHUnitIOS.framework in Frameworks */,
			);
			runOnlyForDeploymentPostprocessing = 0;
		};
/* End PBXFrameworksBuildPhase section */

/* Begin PBXGroup section */
		F50FE6901410C6F60051FC7E = {
			isa = PBXGroup;
			children = (
				F50FE6A51410C6F60051FC7E /* Tests-iOS */,
				F50FE69E1410C6F60051FC7E /* Frameworks */,
				F50FE69C1410C6F60051FC7E /* Products */,
			);
			sourceTree = "<group>";
		};
		F50FE69C1410C6F60051FC7E /* Products */ = {
			isa = PBXGroup;
			children = (
				F50FE69B1410C6F60051FC7E /* Tests-iOS.app */,
			);
			name = Products;
			sourceTree = "<group>";
		};
		F50FE69E1410C6F60051FC7E /* Frameworks */ = {
			isa = PBXGroup;
			children = (
				F5903F8E151B64A900995AF1 /* CoreData.framework */,
				F5724971149F9C00006C62A2 /* QuartzCore.framework */,
				F58013AC149E080E00692073 /* CoreLocation.framework */,
				F54E3AA01450EB080059BF53 /* libxml2.dylib */,
				F54E3A9E1450EB000059BF53 /* libz.dylib */,
				F54E3A9C1450EAEA0059BF53 /* MobileCoreServices.framework */,
				F54E3A9A1450EAE10059BF53 /* SystemConfiguration.framework */,
				F54E3A981450EAD40059BF53 /* CFNetwork.framework */,
				F56147AC1450BFB800D2653A /* GHUnitIOS.framework */,
				F50FE7331410D30D0051FC7E /* Security.framework */,
				F50FE69F1410C6F60051FC7E /* UIKit.framework */,
				F50FE6A11410C6F60051FC7E /* Foundation.framework */,
				F50FE6A31410C6F60051FC7E /* CoreGraphics.framework */,
			);
			name = Frameworks;
			sourceTree = "<group>";
		};
		F50FE6A51410C6F60051FC7E /* Tests-iOS */ = {
			isa = PBXGroup;
			children = (
				F5FFC5F3175E31200015696C /* resources */,
				F5FFC5D9175E2C300015696C /* Utils */,
				F5FFC5C5175E2AB60015696C /* Logging */,
				F50FE6D71410CC250051FC7E /* Tests */,
				F50FE6A61410C6F60051FC7E /* Supporting Files */,
			);
			path = "Tests-iOS";
			sourceTree = "<group>";
		};
		F50FE6A61410C6F60051FC7E /* Supporting Files */ = {
			isa = PBXGroup;
			children = (
				F5FFC5F1175E30520015696C /* GHUnitIOS.framework */,
				F5FFC5EA175E2CA70015696C /* LjsTestCase.h */,
				F5FFC5EB175E2CA70015696C /* LjsTestCase.m */,
				F5FFC5EC175E2CA70015696C /* OCMockSingletonsWorkingTest.m */,
				F5FFC5ED175E2CA70015696C /* OCMockWorkingTest.m */,
				F552F40C15DBC0530075258F /* required artwork */,
				F5F63E901574F4F200FE3B72 /* OCMockSingletonExtension */,
				F5B03A6A14AA67620015D59B /* ocmock */,
				F50FE6A71410C6F60051FC7E /* Tests-iOS-Info.plist */,
				F50FE6A81410C6F60051FC7E /* InfoPlist.strings */,
				F50FE6AB1410C6F60051FC7E /* main.m */,
				F50FE6AD1410C6F60051FC7E /* Tests-iOS-Prefix.pch */,
			);
			name = "Supporting Files";
			sourceTree = "<group>";
		};
		F50FE6D71410CC250051FC7E /* Tests */ = {
			isa = PBXGroup;
			children = (
				F5FFC5C6175E2AD50015696C /* LjsBlocksTest.m */,
				F5FFC5C7175E2AD50015696C /* LjsFileUtiltiesTests.m */,
				F5FFC5C8175E2AD50015696C /* LjsGestaltTests.m */,
			);
			name = Tests;
			path = ../../Tests;
			sourceTree = "<group>";
		};
		F552F40C15DBC0530075258F /* required artwork */ = {
			isa = PBXGroup;
			children = (
				F5450AD116DE06FD00D9D01C /* Default~ipad@2x.png */,
				F5450AD216DE06FD00D9D01C /* Default~iphone@2x.png */,
				F5450ACF16DE06A300D9D01C /* Default~iphone-568h@2x.png */,
				F5450ACB16DE05BD00D9D01C /* Default~ipad.png */,
				F5450ACC16DE05BD00D9D01C /* Default~iphone.png */,
				F552F40E15DBC0680075258F /* Icon-72.png */,
				F552F40F15DBC0680075258F /* Icon-Small-50.png */,
				F552F41015DBC0680075258F /* Icon-Small.png */,
				F552F41115DBC0680075258F /* Icon.png */,
				F552F41215DBC0680075258F /* Icon@2x.png */,
				F552F41315DBC0680075258F /* iTunesArtwork */,
			);
			name = "required artwork";
			sourceTree = "<group>";
		};
		F5B03A6A14AA67620015D59B /* ocmock */ = {
			isa = PBXGroup;
			children = (
				F5FFC5CF175E2B450015696C /* libOCMock.a */,
				F5FFC5D0175E2B450015696C /* OCMock */,
			);
			name = ocmock;
			path = ../../ocmock;
			sourceTree = "<group>";
		};
		F5F63E901574F4F200FE3B72 /* OCMockSingletonExtension */ = {
			isa = PBXGroup;
			children = (
				F5F63EC91574F99000FE3B72 /* Foundation */,
				F5F63ED01574F99000FE3B72 /* UIKit */,
				F5F63E9E1574F58000FE3B72 /* OCMockSingletonExtensions.h */,
			);
			name = OCMockSingletonExtension;
			path = ../../OCMockSingletonExtension/OCMockSingletonExtension;
			sourceTree = "<group>";
		};
		F5F63EC91574F99000FE3B72 /* Foundation */ = {
			isa = PBXGroup;
			children = (
				F5F63ECA1574F99000FE3B72 /* NSDate+UnitTests.h */,
				F5F63ECB1574F99000FE3B72 /* NSDate+UnitTests.m */,
				F5F63ECC1574F99000FE3B72 /* NSNotificationCenter+UnitTests.h */,
				F5F63ECD1574F99000FE3B72 /* NSNotificationCenter+UnitTests.m */,
				F5F63ECE1574F99000FE3B72 /* NSObject+SupersequentImplementation.h */,
				F5F63ECF1574F99000FE3B72 /* NSObject+SupersequentImplementation.m */,
			);
			path = Foundation;
			sourceTree = "<group>";
		};
		F5F63ED01574F99000FE3B72 /* UIKit */ = {
			isa = PBXGroup;
			children = (
				F5F63ED11574F99000FE3B72 /* UIImage+UnitTests.h */,
				F5F63ED21574F99000FE3B72 /* UIImage+UnitTests.m */,
			);
			path = UIKit;
			sourceTree = "<group>";
		};
		F5FFC591175E2A900015696C /* Lumberjack */ = {
			isa = PBXGroup;
			children = (
				F5FFC592175E2A900015696C /* DDAbstractDatabaseLogger.h */,
				F5FFC593175E2A900015696C /* DDAbstractDatabaseLogger.m */,
				F5FFC594175E2A900015696C /* DDASLLogger.h */,
				F5FFC595175E2A900015696C /* DDASLLogger.m */,
				F5FFC596175E2A900015696C /* DDFileLogger.h */,
				F5FFC597175E2A900015696C /* DDFileLogger.m */,
				F5FFC598175E2A900015696C /* DDLog.h */,
				F5FFC599175E2A900015696C /* DDLog.m */,
				F5FFC59A175E2A900015696C /* DDTTYLogger.h */,
				F5FFC59B175E2A900015696C /* DDTTYLogger.m */,
				F5FFC59C175E2A900015696C /* Extensions */,
			);
			name = Lumberjack;
			path = "../../ljs-lumberjack/CocoaLumberjack/Lumberjack";
			sourceTree = "<group>";
		};
		F5FFC59C175E2A900015696C /* Extensions */ = {
			isa = PBXGroup;
			children = (
				F5FFC59D175E2A900015696C /* ContextFilterLogFormatter.h */,
				F5FFC59E175E2A900015696C /* ContextFilterLogFormatter.m */,
				F5FFC59F175E2A900015696C /* DispatchQueueLogFormatter.h */,
				F5FFC5A0175E2A900015696C /* DispatchQueueLogFormatter.m */,
				F5FFC5A1175E2A900015696C /* README.txt */,
			);
			path = Extensions;
			sourceTree = "<group>";
		};
		F5FFC5B2175E2AB20015696C /* LJS */ = {
			isa = PBXGroup;
			children = (
				F5FFC5B3175E2AB20015696C /* DDFileLogger+CurrentFile.h */,
				F5FFC5B4175E2AB20015696C /* DDFileLogger+CurrentFile.m */,
				F5FFC5B5175E2AB20015696C /* LjsDefaultFormatter.h */,
				F5FFC5B6175E2AB20015696C /* LjsDefaultFormatter.m */,
				F5FFC5B7175E2AB20015696C /* LjsLog.h */,
				F5FFC5B8175E2AB20015696C /* LjsLogFileManager.h */,
				F5FFC5B9175E2AB20015696C /* LjsLogFileManager.m */,
				F5FFC5BA175E2AB20015696C /* LjsLogging.h */,
				F5FFC5BB175E2AB20015696C /* LjsLogging.m */,
				F5FFC5BC175E2AB20015696C /* Lumberjack.h */,
			);
			name = LJS;
			path = "../../ljs-lumberjack/Logging";
			sourceTree = "<group>";
		};
		F5FFC5C5175E2AB60015696C /* Logging */ = {
			isa = PBXGroup;
			children = (
				F5FFC5B2175E2AB20015696C /* LJS */,
				F5FFC591175E2A900015696C /* Lumberjack */,
			);
			name = Logging;
			sourceTree = "<group>";
		};
		F5FFC5D0175E2B450015696C /* OCMock */ = {
			isa = PBXGroup;
			children = (
				F5FFC5D1175E2B450015696C /* NSNotificationCenter+OCMAdditions.h */,
				F5FFC5D2175E2B450015696C /* OCMArg.h */,
				F5FFC5D3175E2B450015696C /* OCMConstraint.h */,
				F5FFC5D4175E2B450015696C /* OCMock.h */,
				F5FFC5D5175E2B450015696C /* OCMockObject.h */,
				F5FFC5D6175E2B450015696C /* OCMockRecorder.h */,
			);
			name = OCMock;
			path = iOS/OCMock;
			sourceTree = "<group>";
		};
		F5FFC5D9175E2C300015696C /* Utils */ = {
			isa = PBXGroup;
			children = (
				F5FFC5DA175E2C300015696C /* LjsBlocks.h */,
				F5FFC5DB175E2C300015696C /* LjsBlocks.m */,
				F5FFC5DC175E2C300015696C /* LjsFileUtilities.h */,
				F5FFC5DD175E2C300015696C /* LjsFileUtilities.m */,
				F5FFC5DE175E2C300015696C /* LjsGestalt.h */,
				F5FFC5DF175E2C300015696C /* LjsGestalt.m */,
				F5FFC5E0175E2C300015696C /* LjsVariates.h */,
				F5FFC5E1175E2C300015696C /* LjsVariates.m */,
			);
			name = Utils;
			path = ../../Utils;
			sourceTree = "<group>";
		};
		F5FFC5F3175E31200015696C /* resources */ = {
			isa = PBXGroup;
			children = (
				F5FFC5F4175E31210015696C /* readlines-test.txt */,
			);
			name = resources;
			path = ../../resources;
			sourceTree = "<group>";
		};
/* End PBXGroup section */

/* Begin PBXNativeTarget section */
		F50FE69A1410C6F60051FC7E /* Tests-iOS */ = {
			isa = PBXNativeTarget;
			buildConfigurationList = F50FE6C11410C6F60051FC7E /* Build configuration list for PBXNativeTarget "Tests-iOS" */;
			buildPhases = (
				F50FE6971410C6F60051FC7E /* Sources */,
				F50FE6981410C6F60051FC7E /* Frameworks */,
				F50FE6991410C6F60051FC7E /* Resources */,
				F57F4C1015331D2100E8B7D4 /* ShellScript */,
			);
			buildRules = (
			);
			dependencies = (
			);
			name = "Tests-iOS";
			productName = "Tests-iOS";
			productReference = F50FE69B1410C6F60051FC7E /* Tests-iOS.app */;
			productType = "com.apple.product-type.application";
		};
/* End PBXNativeTarget section */

/* Begin PBXProject section */
		F50FE6921410C6F60051FC7E /* Project object */ = {
			isa = PBXProject;
			attributes = {
				LastUpgradeCheck = 0460;
				ORGANIZATIONNAME = "Little Joy Software";
			};
			buildConfigurationList = F50FE6951410C6F60051FC7E /* Build configuration list for PBXProject "Tests-iOS" */;
			compatibilityVersion = "Xcode 3.2";
			developmentRegion = English;
			hasScannedForEncodings = 0;
			knownRegions = (
				en,
			);
			mainGroup = F50FE6901410C6F60051FC7E;
			productRefGroup = F50FE69C1410C6F60051FC7E /* Products */;
			projectDirPath = "";
			projectRoot = "";
			targets = (
				F50FE69A1410C6F60051FC7E /* Tests-iOS */,
			);
		};
/* End PBXProject section */

/* Begin PBXResourcesBuildPhase section */
		F50FE6991410C6F60051FC7E /* Resources */ = {
			isa = PBXResourcesBuildPhase;
			buildActionMask = 2147483647;
			files = (
				F50FE6AA1410C6F60051FC7E /* InfoPlist.strings in Resources */,
				F552F41415DBC0680075258F /* Icon-72.png in Resources */,
				F552F41615DBC0680075258F /* Icon-Small-50.png in Resources */,
				F552F41815DBC0680075258F /* Icon-Small.png in Resources */,
				F552F41A15DBC0680075258F /* Icon.png in Resources */,
				F552F41C15DBC0680075258F /* Icon@2x.png in Resources */,
				F552F41E15DBC0680075258F /* iTunesArtwork in Resources */,
				F5450ACD16DE05BD00D9D01C /* Default~ipad.png in Resources */,
				F5450ACE16DE05BD00D9D01C /* Default~iphone.png in Resources */,
				F5450AD016DE06A300D9D01C /* Default~iphone-568h@2x.png in Resources */,
				F5450AD316DE06FD00D9D01C /* Default~ipad@2x.png in Resources */,
				F5450AD416DE06FD00D9D01C /* Default~iphone@2x.png in Resources */,
				F5FFC5B0175E2A900015696C /* README.txt in Resources */,
				F5FFC5F5175E31210015696C /* readlines-test.txt in Resources */,
			);
			runOnlyForDeploymentPostprocessing = 0;
		};
/* End PBXResourcesBuildPhase section */

/* Begin PBXShellScriptBuildPhase section */
		F57F4C1015331D2100E8B7D4 /* ShellScript */ = {
			isa = PBXShellScriptBuildPhase;
			buildActionMask = 2147483647;
			files = (
			);
			inputPaths = (
			);
			outputPaths = (
			);
			runOnlyForDeploymentPostprocessing = 0;
			shellPath = /bin/sh;
			shellScript = "sh RunTests.sh";
			showEnvVarsInLog = 0;
		};
/* End PBXShellScriptBuildPhase section */

/* Begin PBXSourcesBuildPhase section */
		F50FE6971410C6F60051FC7E /* Sources */ = {
			isa = PBXSourcesBuildPhase;
			buildActionMask = 2147483647;
			files = (
				F50FE6AC1410C6F60051FC7E /* main.m in Sources */,
				F5F63ED31574F99000FE3B72 /* NSDate+UnitTests.m in Sources */,
				F5F63ED41574F99000FE3B72 /* NSNotificationCenter+UnitTests.m in Sources */,
				F5F63ED51574F99000FE3B72 /* NSObject+SupersequentImplementation.m in Sources */,
				F5F63ED61574F99000FE3B72 /* UIImage+UnitTests.m in Sources */,
				F5FFC5A2175E2A900015696C /* DDAbstractDatabaseLogger.m in Sources */,
				F5FFC5A4175E2A900015696C /* DDASLLogger.m in Sources */,
				F5FFC5A6175E2A900015696C /* DDFileLogger.m in Sources */,
				F5FFC5A8175E2A900015696C /* DDLog.m in Sources */,
				F5FFC5AA175E2A900015696C /* DDTTYLogger.m in Sources */,
				F5FFC5AC175E2A900015696C /* ContextFilterLogFormatter.m in Sources */,
				F5FFC5AE175E2A900015696C /* DispatchQueueLogFormatter.m in Sources */,
				F5FFC5BD175E2AB20015696C /* DDFileLogger+CurrentFile.m in Sources */,
				F5FFC5BF175E2AB20015696C /* LjsDefaultFormatter.m in Sources */,
				F5FFC5C1175E2AB20015696C /* LjsLogFileManager.m in Sources */,
				F5FFC5C3175E2AB20015696C /* LjsLogging.m in Sources */,
				F5FFC5C9175E2AD50015696C /* LjsBlocksTest.m in Sources */,
				F5FFC5CB175E2AD50015696C /* LjsFileUtiltiesTests.m in Sources */,
				F5FFC5CD175E2AD50015696C /* LjsGestaltTests.m in Sources */,
				F5FFC5E2175E2C300015696C /* LjsBlocks.m in Sources */,
				F5FFC5E4175E2C300015696C /* LjsFileUtilities.m in Sources */,
				F5FFC5E6175E2C300015696C /* LjsGestalt.m in Sources */,
				F5FFC5E8175E2C300015696C /* LjsVariates.m in Sources */,
				F5FFC5EE175E2CA70015696C /* LjsTestCase.m in Sources */,
				F5FFC5EF175E2CA70015696C /* OCMockSingletonsWorkingTest.m in Sources */,
				F5FFC5F0175E2CA70015696C /* OCMockWorkingTest.m in Sources */,
			);
			runOnlyForDeploymentPostprocessing = 0;
		};
/* End PBXSourcesBuildPhase section */

/* Begin PBXVariantGroup section */
		F50FE6A81410C6F60051FC7E /* InfoPlist.strings */ = {
			isa = PBXVariantGroup;
			children = (
				F50FE6A91410C6F60051FC7E /* en */,
			);
			name = InfoPlist.strings;
			sourceTree = "<group>";
		};
/* End PBXVariantGroup section */

/* Begin XCBuildConfiguration section */
		F50FE6BF1410C6F60051FC7E /* Debug */ = {
			isa = XCBuildConfiguration;
			buildSettings = {
				ALWAYS_SEARCH_USER_PATHS = NO;
				ARCHS = (
					"$(ARCHS_STANDARD_32_BIT)",
					armv6,
				);
				CLANG_WARN_CONSTANT_CONVERSION = YES;
				CLANG_WARN_DEPRECATED_OBJC_IMPLEMENTATIONS = YES;
				CLANG_WARN_ENUM_CONVERSION = YES;
				CLANG_WARN_INT_CONVERSION = YES;
				CLANG_WARN_OBJC_MISSING_PROPERTY_SYNTHESIS = YES;
				CLANG_WARN__DUPLICATE_METHOD_MATCH = YES;
				"CODE_SIGN_IDENTITY[sdk=iphoneos*]" = "iPhone Developer: Joshua Moody (8QEQJFT59F)";
				COPY_PHASE_STRIP = NO;
				GCC_C_LANGUAGE_STANDARD = gnu99;
				GCC_DYNAMIC_NO_PIC = NO;
				GCC_OPTIMIZATION_LEVEL = 0;
				GCC_PREPROCESSOR_DEFINITIONS = (
					"DEBUG=1",
					"$(inherited)",
				);
				GCC_PREPROCESSOR_DEFINITIONS_NOT_USED_IN_PRECOMPS = (
					LOG_CONFIGURATION_DEBUG,
					LJS_LOCATION_SERVICES_SIMULATOR_DEBUG,
					LJS_LOCATION_SERVICES_DEBUG,
				);
				GCC_SYMBOLS_PRIVATE_EXTERN = NO;
				GCC_THUMB_SUPPORT = NO;
				GCC_TREAT_IMPLICIT_FUNCTION_DECLARATIONS_AS_ERRORS = YES;
				GCC_TREAT_INCOMPATIBLE_POINTER_TYPE_WARNINGS_AS_ERRORS = YES;
				GCC_VERSION = com.apple.compilers.llvm.clang.1_0;
				GCC_WARN_64_TO_32_BIT_CONVERSION = YES;
				GCC_WARN_ABOUT_MISSING_FIELD_INITIALIZERS = YES;
				GCC_WARN_ABOUT_MISSING_NEWLINE = YES;
				GCC_WARN_ABOUT_MISSING_PROTOTYPES = YES;
				GCC_WARN_ABOUT_RETURN_TYPE = YES;
				GCC_WARN_SHADOW = YES;
				GCC_WARN_UNINITIALIZED_AUTOS = YES;
				GCC_WARN_UNKNOWN_PRAGMAS = YES;
				GCC_WARN_UNUSED_FUNCTION = YES;
				GCC_WARN_UNUSED_LABEL = YES;
				GCC_WARN_UNUSED_VARIABLE = YES;
				IPHONEOS_DEPLOYMENT_TARGET = 4.3;
				OTHER_CFLAGS = (
					"-Xclang",
					"-fobjc-runtime-has-weak",
				);
				"PROVISIONING_PROFILE[sdk=iphoneos*]" = "0E8C409C-B185-433A-BD92-E32795A19DF8";
				SDKROOT = iphoneos;
				TARGETED_DEVICE_FAMILY = "1,2";
				WARNING_CFLAGS = (
					"-Wunreachable-code",
					"-fcolor-diagnostics",
					"-Wno-format-security",
				);
			};
			name = Debug;
		};
		F50FE6C01410C6F60051FC7E /* Release */ = {
			isa = XCBuildConfiguration;
			buildSettings = {
				ALWAYS_SEARCH_USER_PATHS = NO;
				ARCHS = (
					"$(ARCHS_STANDARD_32_BIT)",
					armv6,
				);
				CLANG_WARN_CONSTANT_CONVERSION = YES;
				CLANG_WARN_DEPRECATED_OBJC_IMPLEMENTATIONS = YES;
				CLANG_WARN_ENUM_CONVERSION = YES;
				CLANG_WARN_INT_CONVERSION = YES;
				CLANG_WARN_OBJC_MISSING_PROPERTY_SYNTHESIS = YES;
				CLANG_WARN__DUPLICATE_METHOD_MATCH = YES;
				"CODE_SIGN_IDENTITY[sdk=iphoneos*]" = "iPhone Developer: Joshua Moody (8QEQJFT59F)";
				COPY_PHASE_STRIP = YES;
				GCC_C_LANGUAGE_STANDARD = gnu99;
				GCC_PREPROCESSOR_DEFINITIONS_NOT_USED_IN_PRECOMPS = (
					LOG_CONFIGURATION_DEBUG,
					LJS_LOCATION_SERVICES_SIMULATOR_DEBUG,
					LJS_LOCATION_SERVICES_DEBUG,
				);
				GCC_THUMB_SUPPORT = NO;
				GCC_TREAT_IMPLICIT_FUNCTION_DECLARATIONS_AS_ERRORS = YES;
				GCC_TREAT_INCOMPATIBLE_POINTER_TYPE_WARNINGS_AS_ERRORS = YES;
				GCC_VERSION = com.apple.compilers.llvm.clang.1_0;
				GCC_WARN_64_TO_32_BIT_CONVERSION = YES;
				GCC_WARN_ABOUT_MISSING_FIELD_INITIALIZERS = YES;
				GCC_WARN_ABOUT_MISSING_NEWLINE = YES;
				GCC_WARN_ABOUT_MISSING_PROTOTYPES = YES;
				GCC_WARN_ABOUT_RETURN_TYPE = YES;
				GCC_WARN_SHADOW = YES;
				GCC_WARN_UNINITIALIZED_AUTOS = YES;
				GCC_WARN_UNKNOWN_PRAGMAS = YES;
				GCC_WARN_UNUSED_FUNCTION = YES;
				GCC_WARN_UNUSED_LABEL = YES;
				GCC_WARN_UNUSED_VARIABLE = YES;
				IPHONEOS_DEPLOYMENT_TARGET = 4.3;
				OTHER_CFLAGS = (
					"-DNS_BLOCK_ASSERTIONS=1",
					"-Xclang",
					"-fobjc-runtime-has-weak",
				);
				"PROVISIONING_PROFILE[sdk=iphoneos*]" = "0E8C409C-B185-433A-BD92-E32795A19DF8";
				SDKROOT = iphoneos;
				TARGETED_DEVICE_FAMILY = "1,2";
				VALIDATE_PRODUCT = YES;
				WARNING_CFLAGS = (
					"-Wunreachable-code",
					"-fcolor-diagnostics",
					"-Wno-format-security",
				);
			};
			name = Release;
		};
		F50FE6C21410C6F60051FC7E /* Debug */ = {
			isa = XCBuildConfiguration;
			buildSettings = {
				ARCHS = "$(ARCHS_STANDARD_32_BIT)";
				CLANG_ENABLE_OBJC_ARC = YES;
				CLANG_WARN_OBJC_MISSING_PROPERTY_SYNTHESIS = NO;
				"CODE_SIGN_IDENTITY[sdk=iphoneos*]" = "iPhone Developer: Joshua Moody (8QEQJFT59F)";
				FRAMEWORK_SEARCH_PATHS = (
					"$(inherited)",
					"\"$(SRCROOT)/Tests-iOS\"",
					"\"$(SRCROOT)/../ghunit/iOS\"",
				);
				GCC_PRECOMPILE_PREFIX_HEADER = YES;
				GCC_PREFIX_HEADER = "Tests-iOS/Tests-iOS-Prefix.pch";
				GCC_PREPROCESSOR_DEFINITIONS_NOT_USED_IN_PRECOMPS = (
					LOG_CONFIGURATION_DEBUG,
					DEBUG_BUILD,
				);
				GCC_THUMB_SUPPORT = NO;
				GCC_VERSION = com.apple.compilers.llvm.clang.1_0;
				GCC_WARN_ABOUT_MISSING_NEWLINE = NO;
				GCC_WARN_STRICT_SELECTOR_MATCH = YES;
				GCC_WARN_UNDECLARED_SELECTOR = YES;
				GCC_WARN_UNUSED_FUNCTION = NO;
				HEADER_SEARCH_PATHS = (
					"\"${SDK_DIR}/usr/include/libxml2\"",
					"\"$(SRCROOT)/../ocmock/iOS\"",
				);
				INFOPLIST_FILE = "Tests-iOS/Tests-iOS-Info.plist";
				IPHONEOS_DEPLOYMENT_TARGET = 4.3;
				LIBRARY_SEARCH_PATHS = (
					"$(inherited)",
					"\"$(SRCROOT)/../ocmock/iOS\"",
				);
				ONLY_ACTIVE_ARCH = NO;
				OTHER_LDFLAGS = (
					"-ObjC",
					"-all_load",
					"-lstdc++",
				);
				PRODUCT_NAME = "Tests-iOS";
				"PROVISIONING_PROFILE[sdk=iphoneos*]" = "0E8C409C-B185-433A-BD92-E32795A19DF8";
				USER_HEADER_SEARCH_PATHS = "";
				VALID_ARCHS = "i386 armv7 armv7s";
				WARNING_CFLAGS = (
					"-Wunreachable-code",
					"-fcolor-diagnostics",
					"-Wno-format-security",
				);
				WRAPPER_EXTENSION = app;
			};
			name = Debug;
		};
		F50FE6C31410C6F60051FC7E /* Release */ = {
			isa = XCBuildConfiguration;
			buildSettings = {
				ARCHS = "$(ARCHS_STANDARD_32_BIT)";
				CLANG_ENABLE_OBJC_ARC = YES;
				CLANG_WARN_OBJC_MISSING_PROPERTY_SYNTHESIS = NO;
				"CODE_SIGN_IDENTITY[sdk=iphoneos*]" = "iPhone Developer: Joshua Moody (8QEQJFT59F)";
				FRAMEWORK_SEARCH_PATHS = (
					"$(inherited)",
					"\"$(SRCROOT)/Tests-iOS\"",
					"\"$(SRCROOT)/../ghunit/iOS\"",
				);
				GCC_PRECOMPILE_PREFIX_HEADER = YES;
				GCC_PREFIX_HEADER = "Tests-iOS/Tests-iOS-Prefix.pch";
				GCC_PREPROCESSOR_DEFINITIONS_NOT_USED_IN_PRECOMPS = LOG_CONFIGURATION_DEBUG;
				GCC_THUMB_SUPPORT = NO;
				GCC_VERSION = com.apple.compilers.llvm.clang.1_0;
				GCC_WARN_ABOUT_MISSING_NEWLINE = NO;
				GCC_WARN_STRICT_SELECTOR_MATCH = YES;
				GCC_WARN_UNDECLARED_SELECTOR = YES;
				GCC_WARN_UNUSED_FUNCTION = NO;
				HEADER_SEARCH_PATHS = (
					"\"${SDK_DIR}/usr/include/libxml2\"",
					"\"$(SRCROOT)/../ocmock/iOS\"",
				);
				INFOPLIST_FILE = "Tests-iOS/Tests-iOS-Info.plist";
				IPHONEOS_DEPLOYMENT_TARGET = 4.3;
				LIBRARY_SEARCH_PATHS = (
					"$(inherited)",
					"\"$(SRCROOT)/../ocmock/iOS\"",
				);
				ONLY_ACTIVE_ARCH = NO;
				OTHER_LDFLAGS = (
					"-ObjC",
					"-all_load",
					"-lstdc++",
				);
				PRODUCT_NAME = "Tests-iOS";
				"PROVISIONING_PROFILE[sdk=iphoneos*]" = "0E8C409C-B185-433A-BD92-E32795A19DF8";
				USER_HEADER_SEARCH_PATHS = "";
				VALID_ARCHS = "i386 armv7 armv7s";
				WARNING_CFLAGS = (
					"-Wunreachable-code",
					"-fcolor-diagnostics",
					"-Wno-format-security",
				);
				WRAPPER_EXTENSION = app;
			};
			name = Release;
		};
		F5FD829C1532163C00F5800F /* AdHoc */ = {
			isa = XCBuildConfiguration;
			buildSettings = {
				ALWAYS_SEARCH_USER_PATHS = NO;
				ARCHS = (
					"$(ARCHS_STANDARD_32_BIT)",
					armv6,
				);
				CLANG_WARN_CONSTANT_CONVERSION = YES;
				CLANG_WARN_DEPRECATED_OBJC_IMPLEMENTATIONS = YES;
				CLANG_WARN_ENUM_CONVERSION = YES;
				CLANG_WARN_INT_CONVERSION = YES;
				CLANG_WARN_OBJC_MISSING_PROPERTY_SYNTHESIS = YES;
				CLANG_WARN__DUPLICATE_METHOD_MATCH = YES;
				"CODE_SIGN_IDENTITY[sdk=iphoneos*]" = "";
				COPY_PHASE_STRIP = YES;
				GCC_C_LANGUAGE_STANDARD = gnu99;
				GCC_PREPROCESSOR_DEFINITIONS_NOT_USED_IN_PRECOMPS = (
					LOG_CONFIGURATION_DEBUG,
					LJS_LOCATION_SERVICES_SIMULATOR_DEBUG,
					LJS_LOCATION_SERVICES_DEBUG,
				);
				GCC_THUMB_SUPPORT = NO;
				GCC_TREAT_IMPLICIT_FUNCTION_DECLARATIONS_AS_ERRORS = YES;
				GCC_TREAT_INCOMPATIBLE_POINTER_TYPE_WARNINGS_AS_ERRORS = YES;
				GCC_VERSION = com.apple.compilers.llvm.clang.1_0;
				GCC_WARN_64_TO_32_BIT_CONVERSION = YES;
				GCC_WARN_ABOUT_MISSING_FIELD_INITIALIZERS = YES;
				GCC_WARN_ABOUT_MISSING_NEWLINE = YES;
				GCC_WARN_ABOUT_MISSING_PROTOTYPES = YES;
				GCC_WARN_ABOUT_RETURN_TYPE = YES;
				GCC_WARN_SHADOW = YES;
				GCC_WARN_UNINITIALIZED_AUTOS = YES;
				GCC_WARN_UNKNOWN_PRAGMAS = YES;
				GCC_WARN_UNUSED_FUNCTION = YES;
				GCC_WARN_UNUSED_LABEL = YES;
				GCC_WARN_UNUSED_VARIABLE = YES;
				IPHONEOS_DEPLOYMENT_TARGET = 4.3;
				OTHER_CFLAGS = (
					"-DNS_BLOCK_ASSERTIONS=1",
					"-Xclang",
					"-fobjc-runtime-has-weak",
				);
				SDKROOT = iphoneos;
				TARGETED_DEVICE_FAMILY = "1,2";
				VALIDATE_PRODUCT = YES;
				WARNING_CFLAGS = (
					"-Wunreachable-code",
					"-fcolor-diagnostics",
					"-Wno-format-security",
				);
			};
			name = AdHoc;
		};
		F5FD829D1532163C00F5800F /* AdHoc */ = {
			isa = XCBuildConfiguration;
			buildSettings = {
				ARCHS = "$(ARCHS_STANDARD_32_BIT)";
				CLANG_ENABLE_OBJC_ARC = YES;
				CLANG_WARN_OBJC_MISSING_PROPERTY_SYNTHESIS = NO;
				"CODE_SIGN_IDENTITY[sdk=iphoneos*]" = "";
				FRAMEWORK_SEARCH_PATHS = (
					"$(inherited)",
					"\"$(SRCROOT)/Tests-iOS\"",
					"\"$(SRCROOT)/../ghunit/iOS\"",
				);
				GCC_PRECOMPILE_PREFIX_HEADER = YES;
				GCC_PREFIX_HEADER = "Tests-iOS/Tests-iOS-Prefix.pch";
				GCC_PREPROCESSOR_DEFINITIONS_NOT_USED_IN_PRECOMPS = (
					LOG_CONFIGURATION_DEBUG,
					ADHOC_BUILD,
				);
				GCC_THUMB_SUPPORT = NO;
				GCC_VERSION = com.apple.compilers.llvm.clang.1_0;
				GCC_WARN_ABOUT_MISSING_NEWLINE = NO;
				GCC_WARN_STRICT_SELECTOR_MATCH = YES;
				GCC_WARN_UNDECLARED_SELECTOR = YES;
				GCC_WARN_UNUSED_FUNCTION = NO;
				HEADER_SEARCH_PATHS = (
					"\"${SDK_DIR}/usr/include/libxml2\"",
					"\"$(SRCROOT)/../ocmock/iOS\"",
				);
				INFOPLIST_FILE = "Tests-iOS/Tests-iOS-Info.plist";
				IPHONEOS_DEPLOYMENT_TARGET = 4.3;
				LIBRARY_SEARCH_PATHS = (
					"$(inherited)",
					"\"$(SRCROOT)/../ocmock/iOS\"",
				);
				ONLY_ACTIVE_ARCH = NO;
				OTHER_LDFLAGS = (
					"-ObjC",
					"-all_load",
					"-lstdc++",
				);
				PRODUCT_NAME = "Tests-iOS";
				USER_HEADER_SEARCH_PATHS = "";
				VALID_ARCHS = "i386 armv7 armv7s";
				WARNING_CFLAGS = (
					"-Wunreachable-code",
					"-fcolor-diagnostics",
					"-Wno-format-security",
				);
				WRAPPER_EXTENSION = app;
			};
			name = AdHoc;
		};
		F5FD82A01532164700F5800F /* AppStore */ = {
			isa = XCBuildConfiguration;
			buildSettings = {
				ALWAYS_SEARCH_USER_PATHS = NO;
				ARCHS = (
					"$(ARCHS_STANDARD_32_BIT)",
					armv6,
				);
				CLANG_WARN_CONSTANT_CONVERSION = YES;
				CLANG_WARN_DEPRECATED_OBJC_IMPLEMENTATIONS = YES;
				CLANG_WARN_ENUM_CONVERSION = YES;
				CLANG_WARN_INT_CONVERSION = YES;
				CLANG_WARN_OBJC_MISSING_PROPERTY_SYNTHESIS = YES;
				CLANG_WARN__DUPLICATE_METHOD_MATCH = YES;
				"CODE_SIGN_IDENTITY[sdk=iphoneos*]" = "";
				COPY_PHASE_STRIP = YES;
				GCC_C_LANGUAGE_STANDARD = gnu99;
				GCC_PREPROCESSOR_DEFINITIONS_NOT_USED_IN_PRECOMPS = (
					LOG_CONFIGURATION_DEBUG,
					LJS_LOCATION_SERVICES_SIMULATOR_DEBUG,
					LJS_LOCATION_SERVICES_DEBUG,
				);
				GCC_THUMB_SUPPORT = NO;
				GCC_TREAT_IMPLICIT_FUNCTION_DECLARATIONS_AS_ERRORS = YES;
				GCC_TREAT_INCOMPATIBLE_POINTER_TYPE_WARNINGS_AS_ERRORS = YES;
				GCC_VERSION = com.apple.compilers.llvm.clang.1_0;
				GCC_WARN_64_TO_32_BIT_CONVERSION = YES;
				GCC_WARN_ABOUT_MISSING_FIELD_INITIALIZERS = YES;
				GCC_WARN_ABOUT_MISSING_NEWLINE = YES;
				GCC_WARN_ABOUT_MISSING_PROTOTYPES = YES;
				GCC_WARN_ABOUT_RETURN_TYPE = YES;
				GCC_WARN_SHADOW = YES;
				GCC_WARN_UNINITIALIZED_AUTOS = YES;
				GCC_WARN_UNKNOWN_PRAGMAS = YES;
				GCC_WARN_UNUSED_FUNCTION = YES;
				GCC_WARN_UNUSED_LABEL = YES;
				GCC_WARN_UNUSED_VARIABLE = YES;
				IPHONEOS_DEPLOYMENT_TARGET = 4.3;
				OTHER_CFLAGS = (
					"-DNS_BLOCK_ASSERTIONS=1",
					"-Xclang",
					"-fobjc-runtime-has-weak",
				);
				SDKROOT = iphoneos;
				TARGETED_DEVICE_FAMILY = "1,2";
				VALIDATE_PRODUCT = YES;
				WARNING_CFLAGS = (
					"-Wunreachable-code",
					"-fcolor-diagnostics",
					"-Wno-format-security",
				);
			};
			name = AppStore;
		};
		F5FD82A11532164700F5800F /* AppStore */ = {
			isa = XCBuildConfiguration;
			buildSettings = {
				ARCHS = "$(ARCHS_STANDARD_32_BIT)";
				CLANG_ENABLE_OBJC_ARC = YES;
				CLANG_WARN_OBJC_MISSING_PROPERTY_SYNTHESIS = NO;
				"CODE_SIGN_IDENTITY[sdk=iphoneos*]" = "";
				FRAMEWORK_SEARCH_PATHS = (
					"$(inherited)",
					"\"$(SRCROOT)/Tests-iOS\"",
					"\"$(SRCROOT)/../ghunit/iOS\"",
				);
				GCC_PRECOMPILE_PREFIX_HEADER = YES;
				GCC_PREFIX_HEADER = "Tests-iOS/Tests-iOS-Prefix.pch";
				GCC_PREPROCESSOR_DEFINITIONS_NOT_USED_IN_PRECOMPS = (
					LOG_CONFIGURATION_DEBUG,
					APPSTORE_BUILD,
				);
				GCC_THUMB_SUPPORT = NO;
				GCC_VERSION = com.apple.compilers.llvm.clang.1_0;
				GCC_WARN_ABOUT_MISSING_NEWLINE = NO;
				GCC_WARN_STRICT_SELECTOR_MATCH = YES;
				GCC_WARN_UNDECLARED_SELECTOR = YES;
				GCC_WARN_UNUSED_FUNCTION = NO;
				HEADER_SEARCH_PATHS = (
					"\"${SDK_DIR}/usr/include/libxml2\"",
					"\"$(SRCROOT)/../ocmock/iOS\"",
				);
				INFOPLIST_FILE = "Tests-iOS/Tests-iOS-Info.plist";
				IPHONEOS_DEPLOYMENT_TARGET = 4.3;
				LIBRARY_SEARCH_PATHS = (
					"$(inherited)",
					"\"$(SRCROOT)/../ocmock/iOS\"",
				);
				ONLY_ACTIVE_ARCH = NO;
				OTHER_LDFLAGS = (
					"-ObjC",
					"-all_load",
					"-lstdc++",
				);
				PRODUCT_NAME = "Tests-iOS";
				USER_HEADER_SEARCH_PATHS = "";
				VALID_ARCHS = "i386 armv7 armv7s";
				WARNING_CFLAGS = (
					"-Wunreachable-code",
					"-fcolor-diagnostics",
					"-Wno-format-security",
				);
				WRAPPER_EXTENSION = app;
			};
			name = AppStore;
		};
/* End XCBuildConfiguration section */

/* Begin XCConfigurationList section */
		F50FE6951410C6F60051FC7E /* Build configuration list for PBXProject "Tests-iOS" */ = {
			isa = XCConfigurationList;
			buildConfigurations = (
				F50FE6BF1410C6F60051FC7E /* Debug */,
				F50FE6C01410C6F60051FC7E /* Release */,
				F5FD82A01532164700F5800F /* AppStore */,
				F5FD829C1532163C00F5800F /* AdHoc */,
			);
			defaultConfigurationIsVisible = 0;
			defaultConfigurationName = Release;
		};
		F50FE6C11410C6F60051FC7E /* Build configuration list for PBXNativeTarget "Tests-iOS" */ = {
			isa = XCConfigurationList;
			buildConfigurations = (
				F50FE6C21410C6F60051FC7E /* Debug */,
				F50FE6C31410C6F60051FC7E /* Release */,
				F5FD82A11532164700F5800F /* AppStore */,
				F5FD829D1532163C00F5800F /* AdHoc */,
			);
			defaultConfigurationIsVisible = 0;
			defaultConfigurationName = Release;
		};
/* End XCConfigurationList section */
	};
	rootObject = F50FE6921410C6F60051FC7E /* Project object */;
}
